
Microsoft Visual Studio Solution File, Format Version 12.00
# Visual Studio Version 16
VisualStudioVersion = 16.0.33328.57
MinimumVisualStudioVersion = 10.0.40219.1
Project("{FAE04EC0-301F-11D3-BF4B-00C04F79EFBC}") = "TextsViewer", "TextsViewer\TextsViewer.csproj", "{9D88C109-2ED3-40BD-83E1-C92AF19C2724}"
EndProject
Global
	GlobalSection(SolutionConfigurationPlatforms) = preSolution
		Debug|Any CPU = Debug|Any CPU
		Release|Any CPU = Release|Any CPU
	EndGlobalSection
	GlobalSection(ProjectConfigurationPlatforms) = postSolution
		{9D88C109-2ED3-40BD-83E1-C92AF19C2724}.Debug|Any CPU.ActiveCfg = Debug|Any CPU
		{9D88C109-2ED3-40BD-83E1-C92AF19C2724}.Debug|Any CPU.Build.0 = Debug|Any CPU
		{9D88C109-2ED3-40BD-83E1-C92AF19C2724}.Release|Any CPU.ActiveCfg = Release|Any CPU
		{9D88C109-2ED3-40BD-83E1-C92AF19C2724}.Release|Any CPU.Build.0 = Release|Any CPU
	EndGlobalSection
	GlobalSection(SolutionProperties) = preSolution
		HideSolutionNode = FALSE
	EndGlobalSection
	GlobalSection(ExtensibilityGlobals) = postSolution
		SolutionGuid = {B937217C-EB6E-4832-9FBB-E342D3747526}
	EndGlobalSection
EndGlobal
